dependencies:
- name: rabbitmq
  repository: https://charts.bitnami.com/bitnami
  version: 8.6.1
- name: rabbitmq
  repository: https://charts.bitnami.com/bitnami
  version: 8.6.1
- name: postgresql
  repository: https://charts.bitnami.com/bitnami
  version: 10.2.0
digest: sha256:6e673a93696f1ee4bba188a9e6f148a7858dd297a3954f9b32ba6d963003338c
generated: "2021-03-07T08:31:59.793875571+01:00"
