dependencies:
- name: rabbitmq
  repository: https://charts.bitnami.com/bitnami
  version: 11.9.3
- name: rabbitmq
  repository: https://charts.bitnami.com/bitnami
  version: 11.9.3
- name: postgresql
  repository: https://charts.bitnami.com/bitnami
  version: 11.6.26
digest: sha256:9f700ddcd4c0ad2f0e36b82c423ad71635e23686869f4c9f886d2a1fdd824886
generated: "2023-02-19T16:16:56.258862178+01:00"
